
Microsoft Visual Studio Solution File, Format Version 12.00
# Visual Studio Version 16
VisualStudioVersion = 16.0.31402.337
MinimumVisualStudioVersion = 10.0.40219.1
Project("{9A19103F-16F7-4668-BE54-9A1E7A4F7556}") = "FoodDonation", "FoodDonation\FoodDonation.csproj", "{F2B45643-1CBB-41C3-8D2D-6BA614A6B4CE}"
EndProject
Global
	GlobalSection(SolutionConfigurationPlatforms) = preSolution
		Debug|Any CPU = Debug|Any CPU
		Release|Any CPU = Release|Any CPU
	EndGlobalSection
	GlobalSection(ProjectConfigurationPlatforms) = postSolution
		{F2B45643-1CBB-41C3-8D2D-6BA614A6B4CE}.Debug|Any CPU.ActiveCfg = Debug|Any CPU
		{F2B45643-1CBB-41C3-8D2D-6BA614A6B4CE}.Debug|Any CPU.Build.0 = Debug|Any CPU
		{F2B45643-1CBB-41C3-8D2D-6BA614A6B4CE}.Release|Any CPU.ActiveCfg = Release|Any CPU
		{F2B45643-1CBB-41C3-8D2D-6BA614A6B4CE}.Release|Any CPU.Build.0 = Release|Any CPU
	EndGlobalSection
	GlobalSection(SolutionProperties) = preSolution
		HideSolutionNode = FALSE
	EndGlobalSection
	GlobalSection(ExtensibilityGlobals) = postSolution
		SolutionGuid = {9AE4D2ED-4BC0-4A60-B477-B7AFA09F65B1}
	EndGlobalSection
EndGlobal
